dependencies:
- name: eazybank-common
  repository: file://../../eazybank-common
  version: 0.1.0
- name: configserver
  repository: file://../../eazybank-services/configserver
  version: 0.1.0
- name: eurekaserver
  repository: file://../../eazybank-services/eurekaserver
  version: 0.1.0
- name: accounts
  repository: file://../../eazybank-services/accounts
  version: 0.1.0
- name: cards
  repository: file://../../eazybank-services/cards
  version: 0.1.0
- name: loans
  repository: file://../../eazybank-services/loans
  version: 0.1.0
- name: gatewayserver
  repository: file://../../eazybank-services/gatewayserver
  version: 0.1.0
- name: message
  repository: file://../../eazybank-services/message
  version: 0.1.0
- name: accounts-db
  repository: file://../../eazybank-services/accounts-db
  version: 0.1.0
- name: cards-db
  repository: file://../../eazybank-services/cards-db
  version: 0.1.0
- name: loans-db
  repository: file://../../eazybank-services/loans-db
  version: 0.1.0
digest: sha256:aa236869efad40b1f1a2779eb05dc11b43c758f5de5960ac01c3a1f86580bb10
generated: "2025-11-26T17:12:38.235248-08:00"
